
Microsoft Visual Studio Solution File, Format Version 12.00
# Visual Studio Version 17
VisualStudioVersion = 17.11.35219.272
MinimumVisualStudioVersion = 10.0.40219.1
Project("{FAE04EC0-301F-11D3-BF4B-00C04F79EFBC}") = "Squeezer", "Squeezer\Squeezer\Squeezer.csproj", "{42574FCD-5318-42B1-AAB5-9C80485358F4}"
EndProject
Project("{FAE04EC0-301F-11D3-BF4B-00C04F79EFBC}") = "Squeezer.Client", "Squeezer\Squeezer.Client\Squeezer.Client.csproj", "{DE0EC0F1-2559-414F-9E44-FE9CB37BF168}"
EndProject
Global
	GlobalSection(SolutionConfigurationPlatforms) = preSolution
		Debug|Any CPU = Debug|Any CPU
		Release|Any CPU = Release|Any CPU
	EndGlobalSection
	GlobalSection(ProjectConfigurationPlatforms) = postSolution
		{42574FCD-5318-42B1-AAB5-9C80485358F4}.Debug|Any CPU.ActiveCfg = Debug|Any CPU
		{42574FCD-5318-42B1-AAB5-9C80485358F4}.Debug|Any CPU.Build.0 = Debug|Any CPU
		{42574FCD-5318-42B1-AAB5-9C80485358F4}.Release|Any CPU.ActiveCfg = Release|Any CPU
		{42574FCD-5318-42B1-AAB5-9C80485358F4}.Release|Any CPU.Build.0 = Release|Any CPU
		{DE0EC0F1-2559-414F-9E44-FE9CB37BF168}.Debug|Any CPU.ActiveCfg = Debug|Any CPU
		{DE0EC0F1-2559-414F-9E44-FE9CB37BF168}.Debug|Any CPU.Build.0 = Debug|Any CPU
		{DE0EC0F1-2559-414F-9E44-FE9CB37BF168}.Release|Any CPU.ActiveCfg = Release|Any CPU
		{DE0EC0F1-2559-414F-9E44-FE9CB37BF168}.Release|Any CPU.Build.0 = Release|Any CPU
	EndGlobalSection
	GlobalSection(SolutionProperties) = preSolution
		HideSolutionNode = FALSE
	EndGlobalSection
	GlobalSection(ExtensibilityGlobals) = postSolution
		SolutionGuid = {8FBBBD8F-8C7A-4148-8C72-975B4712632A}
	EndGlobalSection
EndGlobal
